
Microsoft Visual Studio Solution File, Format Version 12.00
# Visual Studio Version 17
VisualStudioVersion = 17.5.33502.453
MinimumVisualStudioVersion = 10.0.40219.1
Project("{8BC9CEB8-8B4A-11D0-8D11-00A0C91BC942}") = "Friendly_Functions_Overloading", "Friendly_Functions_Overloading\Friendly_Functions_Overloading.vcxproj", "{B2180928-B0EE-4D1A-AC6B-485FD93DC0F2}"
EndProject
Global
	GlobalSection(SolutionConfigurationPlatforms) = preSolution
		Debug|x64 = Debug|x64
		Debug|x86 = Debug|x86
		Release|x64 = Release|x64
		Release|x86 = Release|x86
	EndGlobalSection
	GlobalSection(ProjectConfigurationPlatforms) = postSolution
		{B2180928-B0EE-4D1A-AC6B-485FD93DC0F2}.Debug|x64.ActiveCfg = Debug|x64
		{B2180928-B0EE-4D1A-AC6B-485FD93DC0F2}.Debug|x64.Build.0 = Debug|x64
		{B2180928-B0EE-4D1A-AC6B-485FD93DC0F2}.Debug|x86.ActiveCfg = Debug|Win32
		{B2180928-B0EE-4D1A-AC6B-485FD93DC0F2}.Debug|x86.Build.0 = Debug|Win32
		{B2180928-B0EE-4D1A-AC6B-485FD93DC0F2}.Release|x64.ActiveCfg = Release|x64
		{B2180928-B0EE-4D1A-AC6B-485FD93DC0F2}.Release|x64.Build.0 = Release|x64
		{B2180928-B0EE-4D1A-AC6B-485FD93DC0F2}.Release|x86.ActiveCfg = Release|Win32
		{B2180928-B0EE-4D1A-AC6B-485FD93DC0F2}.Release|x86.Build.0 = Release|Win32
	EndGlobalSection
	GlobalSection(SolutionProperties) = preSolution
		HideSolutionNode = FALSE
	EndGlobalSection
	GlobalSection(ExtensibilityGlobals) = postSolution
		SolutionGuid = {FC7D2A07-16C2-40C6-9471-2CA533FACAD2}
	EndGlobalSection
EndGlobal
